
Microsoft Visual Studio Solution File, Format Version 12.00
# Visual Studio Version 16
VisualStudioVersion = 16.0.33529.622
MinimumVisualStudioVersion = 10.0.40219.1
Project("{FAE04EC0-301F-11D3-BF4B-00C04F79EFBC}") = "VWeaponEditor.Script", "VWeaponEditor.Script\VWeaponEditor.Script.csproj", "{B6B76D56-EA5A-45DF-A1F8-7FB437E43C74}"
EndProject
Project("{FAE04EC0-301F-11D3-BF4B-00C04F79EFBC}") = "VWeaponEditor", "VWeaponEditor\VWeaponEditor.csproj", "{DD1143D6-EF4E-44F0-B1D4-7DA63E7EA4C3}"
EndProject
Project("{FAE04EC0-301F-11D3-BF4B-00C04F79EFBC}") = "VWeaponEditor.Core", "VWeaponEditor.Core\VWeaponEditor.Core.csproj", "{7D3C02CC-A761-4F23-9657-A68636CE2756}"
EndProject
Global
	GlobalSection(SolutionConfigurationPlatforms) = preSolution
		Debug|Any CPU = Debug|Any CPU
		Release|Any CPU = Release|Any CPU
	EndGlobalSection
	GlobalSection(ProjectConfigurationPlatforms) = postSolution
		{B6B76D56-EA5A-45DF-A1F8-7FB437E43C74}.Debug|Any CPU.ActiveCfg = Debug|Any CPU
		{B6B76D56-EA5A-45DF-A1F8-7FB437E43C74}.Debug|Any CPU.Build.0 = Debug|Any CPU
		{B6B76D56-EA5A-45DF-A1F8-7FB437E43C74}.Release|Any CPU.ActiveCfg = Release|Any CPU
		{B6B76D56-EA5A-45DF-A1F8-7FB437E43C74}.Release|Any CPU.Build.0 = Release|Any CPU
		{DD1143D6-EF4E-44F0-B1D4-7DA63E7EA4C3}.Debug|Any CPU.ActiveCfg = Debug|Any CPU
		{DD1143D6-EF4E-44F0-B1D4-7DA63E7EA4C3}.Debug|Any CPU.Build.0 = Debug|Any CPU
		{DD1143D6-EF4E-44F0-B1D4-7DA63E7EA4C3}.Release|Any CPU.ActiveCfg = Release|Any CPU
		{DD1143D6-EF4E-44F0-B1D4-7DA63E7EA4C3}.Release|Any CPU.Build.0 = Release|Any CPU
		{7D3C02CC-A761-4F23-9657-A68636CE2756}.Debug|Any CPU.ActiveCfg = Debug|Any CPU
		{7D3C02CC-A761-4F23-9657-A68636CE2756}.Debug|Any CPU.Build.0 = Debug|Any CPU
		{7D3C02CC-A761-4F23-9657-A68636CE2756}.Release|Any CPU.ActiveCfg = Release|Any CPU
		{7D3C02CC-A761-4F23-9657-A68636CE2756}.Release|Any CPU.Build.0 = Release|Any CPU
	EndGlobalSection
	GlobalSection(SolutionProperties) = preSolution
		HideSolutionNode = FALSE
	EndGlobalSection
	GlobalSection(ExtensibilityGlobals) = postSolution
		SolutionGuid = {68562535-DAA9-4133-8EA7-2047C782ACDA}
	EndGlobalSection
EndGlobal
